
Microsoft Visual Studio Solution File, Format Version 12.00
# Visual Studio Version 16
VisualStudioVersion = 16.0.29721.120
MinimumVisualStudioVersion = 10.0.40219.1
Project("{FAE04EC0-301F-11D3-BF4B-00C04F79EFBC}") = "EnvironmentalInspectionManagement", "EnvironmentalInspectionManagement\EnvironmentalInspectionManagement.csproj", "{9D4EE096-3F6A-4CEC-AE5E-3DAB37F72AB8}"
EndProject
Project("{FAE04EC0-301F-11D3-BF4B-00C04F79EFBC}") = "EnvironmentalInspectionManagement.BusinessLogic", "EnvironmentalInspectionManagement.BusinessLogic\EnvironmentalInspectionManagement.BusinessLogic.csproj", "{04FFE91D-97ED-4E06-89CE-EF8DFB85B4FF}"
EndProject
Project("{FAE04EC0-301F-11D3-BF4B-00C04F79EFBC}") = "EnvironmentalInspectionManagement.DataAccessLayer", "EnvironmentalInspectionManagement.DataAccessLayer\EnvironmentalInspectionManagement.DataAccessLayer.csproj", "{4E264FE3-B121-4F3C-9A40-5E3A4C6108B0}"
EndProject
Project("{FAE04EC0-301F-11D3-BF4B-00C04F79EFBC}") = "EnvironmentalInspectionManagement.Presentation", "EnvironmentalInspectionManagement.Presentation\EnvironmentalInspectionManagement.Presentation.csproj", "{924A5C7F-6FE4-403D-AEC0-A0F1DD2C4803}"
EndProject
Project("{FAE04EC0-301F-11D3-BF4B-00C04F79EFBC}") = "EnvironmentalInspectionManagement.Utilities", "EnvironmentalInspectionManagement.Utilities\EnvironmentalInspectionManagement.Utilities.csproj", "{EFBB617F-7DEB-4673-91A4-78F10084F892}"
EndProject
Global
	GlobalSection(SolutionConfigurationPlatforms) = preSolution
		Debug|Any CPU = Debug|Any CPU
		Release|Any CPU = Release|Any CPU
	EndGlobalSection
	GlobalSection(ProjectConfigurationPlatforms) = postSolution
		{9D4EE096-3F6A-4CEC-AE5E-3DAB37F72AB8}.Debug|Any CPU.ActiveCfg = Debug|Any CPU
		{9D4EE096-3F6A-4CEC-AE5E-3DAB37F72AB8}.Debug|Any CPU.Build.0 = Debug|Any CPU
		{9D4EE096-3F6A-4CEC-AE5E-3DAB37F72AB8}.Release|Any CPU.ActiveCfg = Release|Any CPU
		{9D4EE096-3F6A-4CEC-AE5E-3DAB37F72AB8}.Release|Any CPU.Build.0 = Release|Any CPU
		{04FFE91D-97ED-4E06-89CE-EF8DFB85B4FF}.Debug|Any CPU.ActiveCfg = Debug|Any CPU
		{04FFE91D-97ED-4E06-89CE-EF8DFB85B4FF}.Debug|Any CPU.Build.0 = Debug|Any CPU
		{04FFE91D-97ED-4E06-89CE-EF8DFB85B4FF}.Release|Any CPU.ActiveCfg = Release|Any CPU
		{04FFE91D-97ED-4E06-89CE-EF8DFB85B4FF}.Release|Any CPU.Build.0 = Release|Any CPU
		{4E264FE3-B121-4F3C-9A40-5E3A4C6108B0}.Debug|Any CPU.ActiveCfg = Debug|Any CPU
		{4E264FE3-B121-4F3C-9A40-5E3A4C6108B0}.Debug|Any CPU.Build.0 = Debug|Any CPU
		{4E264FE3-B121-4F3C-9A40-5E3A4C6108B0}.Release|Any CPU.ActiveCfg = Release|Any CPU
		{4E264FE3-B121-4F3C-9A40-5E3A4C6108B0}.Release|Any CPU.Build.0 = Release|Any CPU
		{924A5C7F-6FE4-403D-AEC0-A0F1DD2C4803}.Debug|Any CPU.ActiveCfg = Debug|Any CPU
		{924A5C7F-6FE4-403D-AEC0-A0F1DD2C4803}.Debug|Any CPU.Build.0 = Debug|Any CPU
		{924A5C7F-6FE4-403D-AEC0-A0F1DD2C4803}.Release|Any CPU.ActiveCfg = Release|Any CPU
		{924A5C7F-6FE4-403D-AEC0-A0F1DD2C4803}.Release|Any CPU.Build.0 = Release|Any CPU
		{EFBB617F-7DEB-4673-91A4-78F10084F892}.Debug|Any CPU.ActiveCfg = Debug|Any CPU
		{EFBB617F-7DEB-4673-91A4-78F10084F892}.Debug|Any CPU.Build.0 = Debug|Any CPU
		{EFBB617F-7DEB-4673-91A4-78F10084F892}.Release|Any CPU.ActiveCfg = Release|Any CPU
		{EFBB617F-7DEB-4673-91A4-78F10084F892}.Release|Any CPU.Build.0 = Release|Any CPU
	EndGlobalSection
	GlobalSection(SolutionProperties) = preSolution
		HideSolutionNode = FALSE
	EndGlobalSection
	GlobalSection(ExtensibilityGlobals) = postSolution
		SolutionGuid = {EACBD51B-FFAB-4980-8243-589FA1B98303}
	EndGlobalSection
EndGlobal
